
Microsoft Visual Studio Solution File, Format Version 12.00
# Visual Studio Version 16
VisualStudioVersion = 16.0.30413.136
MinimumVisualStudioVersion = 10.0.40219.1
Project("{8BC9CEB8-8B4A-11D0-8D11-00A0C91BC942}") = "projetExercice1", "projetExercice1\projetExercice1.vcxproj", "{78032FD6-6B1A-4E99-9D3C-8F22F7955584}"
EndProject
Project("{8BC9CEB8-8B4A-11D0-8D11-00A0C91BC942}") = "ProjetExercice2", "ProjetExercice2\ProjetExercice2.vcxproj", "{05FBD4E6-BDC6-44B0-B0F3-F8A3002A58B3}"
EndProject
Global
	GlobalSection(SolutionConfigurationPlatforms) = preSolution
		Debug|x64 = Debug|x64
		Debug|x86 = Debug|x86
		Release|x64 = Release|x64
		Release|x86 = Release|x86
	EndGlobalSection
	GlobalSection(ProjectConfigurationPlatforms) = postSolution
		{78032FD6-6B1A-4E99-9D3C-8F22F7955584}.Debug|x64.ActiveCfg = Debug|x64
		{78032FD6-6B1A-4E99-9D3C-8F22F7955584}.Debug|x64.Build.0 = Debug|x64
		{78032FD6-6B1A-4E99-9D3C-8F22F7955584}.Debug|x86.ActiveCfg = Debug|Win32
		{78032FD6-6B1A-4E99-9D3C-8F22F7955584}.Debug|x86.Build.0 = Debug|Win32
		{78032FD6-6B1A-4E99-9D3C-8F22F7955584}.Release|x64.ActiveCfg = Release|x64
		{78032FD6-6B1A-4E99-9D3C-8F22F7955584}.Release|x64.Build.0 = Release|x64
		{78032FD6-6B1A-4E99-9D3C-8F22F7955584}.Release|x86.ActiveCfg = Release|Win32
		{78032FD6-6B1A-4E99-9D3C-8F22F7955584}.Release|x86.Build.0 = Release|Win32
		{05FBD4E6-BDC6-44B0-B0F3-F8A3002A58B3}.Debug|x64.ActiveCfg = Debug|x64
		{05FBD4E6-BDC6-44B0-B0F3-F8A3002A58B3}.Debug|x64.Build.0 = Debug|x64
		{05FBD4E6-BDC6-44B0-B0F3-F8A3002A58B3}.Debug|x86.ActiveCfg = Debug|Win32
		{05FBD4E6-BDC6-44B0-B0F3-F8A3002A58B3}.Debug|x86.Build.0 = Debug|Win32
		{05FBD4E6-BDC6-44B0-B0F3-F8A3002A58B3}.Release|x64.ActiveCfg = Release|x64
		{05FBD4E6-BDC6-44B0-B0F3-F8A3002A58B3}.Release|x64.Build.0 = Release|x64
		{05FBD4E6-BDC6-44B0-B0F3-F8A3002A58B3}.Release|x86.ActiveCfg = Release|Win32
		{05FBD4E6-BDC6-44B0-B0F3-F8A3002A58B3}.Release|x86.Build.0 = Release|Win32
	EndGlobalSection
	GlobalSection(SolutionProperties) = preSolution
		HideSolutionNode = FALSE
	EndGlobalSection
	GlobalSection(ExtensibilityGlobals) = postSolution
		SolutionGuid = {4E4E9340-59FD-4557-95BD-E2F96979C172}
	EndGlobalSection
EndGlobal
